
Microsoft Visual Studio Solution File, Format Version 12.00
# Visual Studio 15
VisualStudioVersion = 15.0.28307.852
MinimumVisualStudioVersion = 10.0.40219.1
Project("{FAE04EC0-301F-11D3-BF4B-00C04F79EFBC}") = "CarSpeedDemeritPoints", "CarSpeedDemeritPoints\CarSpeedDemeritPoints.csproj", "{52A08D70-7C42-44FD-A5D9-FCD812B862FD}"
EndProject
Global
	GlobalSection(SolutionConfigurationPlatforms) = preSolution
		Debug|Any CPU = Debug|Any CPU
		Release|Any CPU = Release|Any CPU
	EndGlobalSection
	GlobalSection(ProjectConfigurationPlatforms) = postSolution
		{52A08D70-7C42-44FD-A5D9-FCD812B862FD}.Debug|Any CPU.ActiveCfg = Debug|Any CPU
		{52A08D70-7C42-44FD-A5D9-FCD812B862FD}.Debug|Any CPU.Build.0 = Debug|Any CPU
		{52A08D70-7C42-44FD-A5D9-FCD812B862FD}.Release|Any CPU.ActiveCfg = Release|Any CPU
		{52A08D70-7C42-44FD-A5D9-FCD812B862FD}.Release|Any CPU.Build.0 = Release|Any CPU
	EndGlobalSection
	GlobalSection(SolutionProperties) = preSolution
		HideSolutionNode = FALSE
	EndGlobalSection
	GlobalSection(ExtensibilityGlobals) = postSolution
		SolutionGuid = {06D59F6C-3174-4842-8716-4DF6972FBE54}
	EndGlobalSection
EndGlobal
